// !$*UTF8*$!
{
	archiveVersion = 1;
	classes = {
	};
	objectVersion = 56;
	objects = {

/* Begin PBXBuildFile section */
		1183A5C32B9F3F6A00017D46 /* LocaleeApp.swift in Sources */ = {isa = PBXBuildFile; fileRef = 1183A5C22B9F3F6A00017D46 /* LocaleeApp.swift */; };
		1183A5C52B9F3F6A00017D46 /* ContentView.swift in Sources */ = {isa = PBXBuildFile; fileRef = 1183A5C42B9F3F6A00017D46 /* ContentView.swift */; };
		1183A5C72B9F3F6C00017D46 /* Assets.xcassets in Resources */ = {isa = PBXBuildFile; fileRef = 1183A5C62B9F3F6C00017D46 /* Assets.xcassets */; };
		1183A5CA2B9F3F6C00017D46 /* Preview Assets.xcassets in Resources */ = {isa = PBXBuildFile; fileRef = 1183A5C92B9F3F6C00017D46 /* Preview Assets.xcassets */; };
		1183A5DD2B9F405800017D46 /* LocaleeTabView.swift in Sources */ = {isa = PBXBuildFile; fileRef = 1183A5DC2B9F405800017D46 /* LocaleeTabView.swift */; };
		1183A5E02B9F408600017D46 /* FeedView.swift in Sources */ = {isa = PBXBuildFile; fileRef = 1183A5DF2B9F408600017D46 /* FeedView.swift */; };
		1183A5E32B9F409D00017D46 /* ExploreView.swift in Sources */ = {isa = PBXBuildFile; fileRef = 1183A5E22B9F409D00017D46 /* ExploreView.swift */; };
		1183A5E72B9F40C600017D46 /* ActivityView.swift in Sources */ = {isa = PBXBuildFile; fileRef = 1183A5E62B9F40C600017D46 /* ActivityView.swift */; };
		1183A5EC2B9F41D500017D46 /* ProfileView.swift in Sources */ = {isa = PBXBuildFile; fileRef = 1183A5EB2B9F41D500017D46 /* ProfileView.swift */; };
		1183A5F02B9F459B00017D46 /* CategoryRowView.swift in Sources */ = {isa = PBXBuildFile; fileRef = 1183A5EF2B9F459B00017D46 /* CategoryRowView.swift */; };
		1183A5F22B9F45C900017D46 /* Category.swift in Sources */ = {isa = PBXBuildFile; fileRef = 1183A5F12B9F45C900017D46 /* Category.swift */; };
		1183A5F42B9F473600017D46 /* TitleRowView.swift in Sources */ = {isa = PBXBuildFile; fileRef = 1183A5F32B9F473600017D46 /* TitleRowView.swift */; };
		1183A5F62B9F476C00017D46 /* Service.swift in Sources */ = {isa = PBXBuildFile; fileRef = 1183A5F52B9F476C00017D46 /* Service.swift */; };
		1183A5F82B9F487900017D46 /* ServiceCardView.swift in Sources */ = {isa = PBXBuildFile; fileRef = 1183A5F72B9F487900017D46 /* ServiceCardView.swift */; };
		1183A5FB2BA0497700017D46 /* Kingfisher in Frameworks */ = {isa = PBXBuildFile; productRef = 1183A5FA2BA0497700017D46 /* Kingfisher */; };
		1183A5FD2BA04B7700017D46 /* CategoryView.swift in Sources */ = {isa = PBXBuildFile; fileRef = 1183A5FC2BA04B7700017D46 /* CategoryView.swift */; };
		1183A6012BA05B9400017D46 /* MapView.swift in Sources */ = {isa = PBXBuildFile; fileRef = 1183A6002BA05B9400017D46 /* MapView.swift */; };
		1183A6062BA067CF00017D46 /* MapViewModel.swift in Sources */ = {isa = PBXBuildFile; fileRef = 1183A6052BA067CF00017D46 /* MapViewModel.swift */; };
/* End PBXBuildFile section */

/* Begin PBXFileReference section */
		1183A5BF2B9F3F6A00017D46 /* Localee.app */ = {isa = PBXFileReference; explicitFileType = wrapper.application; includeInIndex = 0; path = Localee.app; sourceTree = BUILT_PRODUCTS_DIR; };
		1183A5C22B9F3F6A00017D46 /* LocaleeApp.swift */ = {isa = PBXFileReference; lastKnownFileType = sourcecode.swift; path = LocaleeApp.swift; sourceTree = "<group>"; };
		1183A5C42B9F3F6A00017D46 /* ContentView.swift */ = {isa = PBXFileReference; lastKnownFileType = sourcecode.swift; path = ContentView.swift; sourceTree = "<group>"; };
		1183A5C62B9F3F6C00017D46 /* Assets.xcassets */ = {isa = PBXFileReference; lastKnownFileType = folder.assetcatalog; path = Assets.xcassets; sourceTree = "<group>"; };
		1183A5C92B9F3F6C00017D46 /* Preview Assets.xcassets */ = {isa = PBXFileReference; lastKnownFileType = folder.assetcatalog; path = "Preview Assets.xcassets"; sourceTree = "<group>"; };
		1183A5DC2B9F405800017D46 /* LocaleeTabView.swift */ = {isa = PBXFileReference; lastKnownFileType = sourcecode.swift; path = LocaleeTabView.swift; sourceTree = "<group>"; };
		1183A5DF2B9F408600017D46 /* FeedView.swift */ = {isa = PBXFileReference; lastKnownFileType = sourcecode.swift; path = FeedView.swift; sourceTree = "<group>"; };
		1183A5E22B9F409D00017D46 /* ExploreView.swift */ = {isa = PBXFileReference; lastKnownFileType = sourcecode.swift; path = ExploreView.swift; sourceTree = "<group>"; };
		1183A5E62B9F40C600017D46 /* ActivityView.swift */ = {isa = PBXFileReference; lastKnownFileType = sourcecode.swift; path = ActivityView.swift; sourceTree = "<group>"; };
		1183A5EB2B9F41D500017D46 /* ProfileView.swift */ = {isa = PBXFileReference; lastKnownFileType = sourcecode.swift; path = ProfileView.swift; sourceTree = "<group>"; };
		1183A5EF2B9F459B00017D46 /* CategoryRowView.swift */ = {isa = PBXFileReference; lastKnownFileType = sourcecode.swift; path = CategoryRowView.swift; sourceTree = "<group>"; };
		1183A5F12B9F45C900017D46 /* Category.swift */ = {isa = PBXFileReference; lastKnownFileType = sourcecode.swift; path = Category.swift; sourceTree = "<group>"; };
		1183A5F32B9F473600017D46 /* TitleRowView.swift */ = {isa = PBXFileReference; lastKnownFileType = sourcecode.swift; path = TitleRowView.swift; sourceTree = "<group>"; };
		1183A5F52B9F476C00017D46 /* Service.swift */ = {isa = PBXFileReference; lastKnownFileType = sourcecode.swift; path = Service.swift; sourceTree = "<group>"; };
		1183A5F72B9F487900017D46 /* ServiceCardView.swift */ = {isa = PBXFileReference; lastKnownFileType = sourcecode.swift; path = ServiceCardView.swift; sourceTree = "<group>"; };
		1183A5FC2BA04B7700017D46 /* CategoryView.swift */ = {isa = PBXFileReference; lastKnownFileType = sourcecode.swift; path = CategoryView.swift; sourceTree = "<group>"; };
		1183A6002BA05B9400017D46 /* MapView.swift */ = {isa = PBXFileReference; lastKnownFileType = sourcecode.swift; path = MapView.swift; sourceTree = "<group>"; };
		1183A6052BA067CF00017D46 /* MapViewModel.swift */ = {isa = PBXFileReference; lastKnownFileType = sourcecode.swift; path = MapViewModel.swift; sourceTree = "<group>"; };
/* End PBXFileReference section */

/* Begin PBXFrameworksBuildPhase section */
		1183A5BC2B9F3F6A00017D46 /* Frameworks */ = {
			isa = PBXFrameworksBuildPhase;
			buildActionMask = 2147483647;
			files = (
				1183A5FB2BA0497700017D46 /* Kingfisher in Frameworks */,
			);
			runOnlyForDeploymentPostprocessing = 0;
		};
/* End PBXFrameworksBuildPhase section */

/* Begin PBXGroup section */
		1183A5B62B9F3F6A00017D46 = {
			isa = PBXGroup;
			children = (
				1183A5C12B9F3F6A00017D46 /* Localee */,
				1183A5C02B9F3F6A00017D46 /* Products */,
			);
			sourceTree = "<group>";
		};
		1183A5C02B9F3F6A00017D46 /* Products */ = {
			isa = PBXGroup;
			children = (
				1183A5BF2B9F3F6A00017D46 /* Localee.app */,
			);
			name = Products;
			sourceTree = "<group>";
		};
		1183A5C12B9F3F6A00017D46 /* Localee */ = {
			isa = PBXGroup;
			children = (
				1183A5D52B9F3FDD00017D46 /* App */,
				1183A5D42B9F3FD600017D46 /* Core */,
				1183A5D32B9F3FD300017D46 /* Extensions */,
				1183A5D22B9F3FD100017D46 /* Model */,
				1183A5D12B9F3FCE00017D46 /* Services */,
				1183A5D02B9F3FCA00017D46 /* Utils */,
				1183A5C62B9F3F6C00017D46 /* Assets.xcassets */,
				1183A5C82B9F3F6C00017D46 /* Preview Content */,
			);
			path = Localee;
			sourceTree = "<group>";
		};
		1183A5C82B9F3F6C00017D46 /* Preview Content */ = {
			isa = PBXGroup;
			children = (
				1183A5C92B9F3F6C00017D46 /* Preview Assets.xcassets */,
			);
			path = "Preview Content";
			sourceTree = "<group>";
		};
		1183A5D02B9F3FCA00017D46 /* Utils */ = {
			isa = PBXGroup;
			children = (
			);
			path = Utils;
			sourceTree = "<group>";
		};
		1183A5D12B9F3FCE00017D46 /* Services */ = {
			isa = PBXGroup;
			children = (
			);
			path = Services;
			sourceTree = "<group>";
		};
		1183A5D22B9F3FD100017D46 /* Model */ = {
			isa = PBXGroup;
			children = (
				1183A5F12B9F45C900017D46 /* Category.swift */,
				1183A5F52B9F476C00017D46 /* Service.swift */,
			);
			path = Model;
			sourceTree = "<group>";
		};
		1183A5D32B9F3FD300017D46 /* Extensions */ = {
			isa = PBXGroup;
			children = (
			);
			path = Extensions;
			sourceTree = "<group>";
		};
		1183A5D42B9F3FD600017D46 /* Core */ = {
			isa = PBXGroup;
			children = (
				1183A5E42B9F40BB00017D46 /* Activity */,
				1183A5D62B9F3FFC00017D46 /* Authentication */,
				1183A5ED2B9F457C00017D46 /* Components */,
				1183A5D82B9F400700017D46 /* Explore */,
				1183A5D72B9F400200017D46 /* Feed */,
				1183A5D92B9F400A00017D46 /* Profile */,
				1183A5DA2B9F400F00017D46 /* Root */,
				1183A5DB2B9F401300017D46 /* TabBar */,
			);
			path = Core;
			sourceTree = "<group>";
		};
		1183A5D52B9F3FDD00017D46 /* App */ = {
			isa = PBXGroup;
			children = (
				1183A5C22B9F3F6A00017D46 /* LocaleeApp.swift */,
			);
			path = App;
			sourceTree = "<group>";
		};
		1183A5D62B9F3FFC00017D46 /* Authentication */ = {
			isa = PBXGroup;
			children = (
			);
			path = Authentication;
			sourceTree = "<group>";
		};
		1183A5D72B9F400200017D46 /* Feed */ = {
			isa = PBXGroup;
			children = (
				1183A5DE2B9F407E00017D46 /* View */,
			);
			path = Feed;
			sourceTree = "<group>";
		};
		1183A5D82B9F400700017D46 /* Explore */ = {
			isa = PBXGroup;
			children = (
				1183A6022BA067AC00017D46 /* Map */,
				1183A5E12B9F409300017D46 /* View */,
			);
			path = Explore;
			sourceTree = "<group>";
		};
		1183A5D92B9F400A00017D46 /* Profile */ = {
			isa = PBXGroup;
			children = (
				1183A5E82B9F40E100017D46 /* View */,
			);
			path = Profile;
			sourceTree = "<group>";
		};
		1183A5DA2B9F400F00017D46 /* Root */ = {
			isa = PBXGroup;
			children = (
				1183A5C42B9F3F6A00017D46 /* ContentView.swift */,
			);
			path = Root;
			sourceTree = "<group>";
		};
		1183A5DB2B9F401300017D46 /* TabBar */ = {
			isa = PBXGroup;
			children = (
				1183A5DC2B9F405800017D46 /* LocaleeTabView.swift */,
			);
			path = TabBar;
			sourceTree = "<group>";
		};
		1183A5DE2B9F407E00017D46 /* View */ = {
			isa = PBXGroup;
			children = (
				1183A5DF2B9F408600017D46 /* FeedView.swift */,
			);
			path = View;
			sourceTree = "<group>";
		};
		1183A5E12B9F409300017D46 /* View */ = {
			isa = PBXGroup;
			children = (
				1183A5E22B9F409D00017D46 /* ExploreView.swift */,
			);
			path = View;
			sourceTree = "<group>";
		};
		1183A5E42B9F40BB00017D46 /* Activity */ = {
			isa = PBXGroup;
			children = (
				1183A5E52B9F40BE00017D46 /* View */,
			);
			path = Activity;
			sourceTree = "<group>";
		};
		1183A5E52B9F40BE00017D46 /* View */ = {
			isa = PBXGroup;
			children = (
				1183A5E62B9F40C600017D46 /* ActivityView.swift */,
			);
			path = View;
			sourceTree = "<group>";
		};
		1183A5E82B9F40E100017D46 /* View */ = {
			isa = PBXGroup;
			children = (
				1183A5EB2B9F41D500017D46 /* ProfileView.swift */,
			);
			path = View;
			sourceTree = "<group>";
		};
		1183A5ED2B9F457C00017D46 /* Components */ = {
			isa = PBXGroup;
			children = (
				1183A5EE2B9F458C00017D46 /* Feed */,
			);
			path = Components;
			sourceTree = "<group>";
		};
		1183A5EE2B9F458C00017D46 /* Feed */ = {
			isa = PBXGroup;
			children = (
				1183A5FE2BA0504B00017D46 /* Category */,
				1183A5FF2BA0505600017D46 /* Service */,
			);
			path = Feed;
			sourceTree = "<group>";
		};
		1183A5FE2BA0504B00017D46 /* Category */ = {
			isa = PBXGroup;
			children = (
				1183A5FC2BA04B7700017D46 /* CategoryView.swift */,
				1183A5EF2B9F459B00017D46 /* CategoryRowView.swift */,
			);
			path = Category;
			sourceTree = "<group>";
		};
		1183A5FF2BA0505600017D46 /* Service */ = {
			isa = PBXGroup;
			children = (
				1183A5F32B9F473600017D46 /* TitleRowView.swift */,
				1183A5F72B9F487900017D46 /* ServiceCardView.swift */,
			);
			path = Service;
			sourceTree = "<group>";
		};
		1183A6022BA067AC00017D46 /* Map */ = {
			isa = PBXGroup;
			children = (
				1183A6042BA067BF00017D46 /* View */,
				1183A6032BA067B300017D46 /* ViewModel */,
			);
			path = Map;
			sourceTree = "<group>";
		};
		1183A6032BA067B300017D46 /* ViewModel */ = {
			isa = PBXGroup;
			children = (
				1183A6052BA067CF00017D46 /* MapViewModel.swift */,
			);
			path = ViewModel;
			sourceTree = "<group>";
		};
		1183A6042BA067BF00017D46 /* View */ = {
			isa = PBXGroup;
			children = (
				1183A6002BA05B9400017D46 /* MapView.swift */,
			);
			path = View;
			sourceTree = "<group>";
		};
/* End PBXGroup section */

/* Begin PBXNativeTarget section */
		1183A5BE2B9F3F6A00017D46 /* Localee */ = {
			isa = PBXNativeTarget;
			buildConfigurationList = 1183A5CD2B9F3F6C00017D46 /* Build configuration list for PBXNativeTarget "Localee" */;
			buildPhases = (
				1183A5BB2B9F3F6A00017D46 /* Sources */,
				1183A5BC2B9F3F6A00017D46 /* Frameworks */,
				1183A5BD2B9F3F6A00017D46 /* Resources */,
			);
			buildRules = (
			);
			dependencies = (
			);
			name = Localee;
			packageProductDependencies = (
				1183A5FA2BA0497700017D46 /* Kingfisher */,
			);
			productName = Localee;
			productReference = 1183A5BF2B9F3F6A00017D46 /* Localee.app */;
			productType = "com.apple.product-type.application";
		};
/* End PBXNativeTarget section */

/* Begin PBXProject section */
		1183A5B72B9F3F6A00017D46 /* Project object */ = {
			isa = PBXProject;
			attributes = {
				BuildIndependentTargetsInParallel = 1;
				LastSwiftUpdateCheck = 1520;
				LastUpgradeCheck = 1520;
				TargetAttributes = {
					1183A5BE2B9F3F6A00017D46 = {
						CreatedOnToolsVersion = 15.2;
					};
				};
			};
			buildConfigurationList = 1183A5BA2B9F3F6A00017D46 /* Build configuration list for PBXProject "Localee" */;
			compatibilityVersion = "Xcode 14.0";
			developmentRegion = en;
			hasScannedForEncodings = 0;
			knownRegions = (
				en,
				Base,
			);
			mainGroup = 1183A5B62B9F3F6A00017D46;
			packageReferences = (
				1183A5F92BA0497700017D46 /* XCRemoteSwiftPackageReference "Kingfisher" */,
			);
			productRefGroup = 1183A5C02B9F3F6A00017D46 /* Products */;
			projectDirPath = "";
			projectRoot = "";
			targets = (
				1183A5BE2B9F3F6A00017D46 /* Localee */,
			);
		};
/* End PBXProject section */

/* Begin PBXResourcesBuildPhase section */
		1183A5BD2B9F3F6A00017D46 /* Resources */ = {
			isa = PBXResourcesBuildPhase;
			buildActionMask = 2147483647;
			files = (
				1183A5CA2B9F3F6C00017D46 /* Preview Assets.xcassets in Resources */,
				1183A5C72B9F3F6C00017D46 /* Assets.xcassets in Resources */,
			);
			runOnlyForDeploymentPostprocessing = 0;
		};
/* End PBXResourcesBuildPhase section */

/* Begin PBXSourcesBuildPhase section */
		1183A5BB2B9F3F6A00017D46 /* Sources */ = {
			isa = PBXSourcesBuildPhase;
			buildActionMask = 2147483647;
			files = (
				1183A5E02B9F408600017D46 /* FeedView.swift in Sources */,
				1183A5F02B9F459B00017D46 /* CategoryRowView.swift in Sources */,
				1183A5DD2B9F405800017D46 /* LocaleeTabView.swift in Sources */,
				1183A5C52B9F3F6A00017D46 /* ContentView.swift in Sources */,
				1183A5C32B9F3F6A00017D46 /* LocaleeApp.swift in Sources */,
				1183A5FD2BA04B7700017D46 /* CategoryView.swift in Sources */,
				1183A5F22B9F45C900017D46 /* Category.swift in Sources */,
				1183A6012BA05B9400017D46 /* MapView.swift in Sources */,
				1183A5F82B9F487900017D46 /* ServiceCardView.swift in Sources */,
				1183A5F42B9F473600017D46 /* TitleRowView.swift in Sources */,
				1183A5E32B9F409D00017D46 /* ExploreView.swift in Sources */,
				1183A6062BA067CF00017D46 /* MapViewModel.swift in Sources */,
				1183A5F62B9F476C00017D46 /* Service.swift in Sources */,
				1183A5EC2B9F41D500017D46 /* ProfileView.swift in Sources */,
				1183A5E72B9F40C600017D46 /* ActivityView.swift in Sources */,
			);
			runOnlyForDeploymentPostprocessing = 0;
		};
/* End PBXSourcesBuildPhase section */

/* Begin XCBuildConfiguration section */
		1183A5CB2B9F3F6C00017D46 /* Debug */ = {
			isa = XCBuildConfiguration;
			buildSettings = {
				ALWAYS_SEARCH_USER_PATHS = NO;
				ASSETCATALOG_COMPILER_GENERATE_SWIFT_ASSET_SYMBOL_EXTENSIONS = YES;
				CLANG_ANALYZER_NONNULL = YES;
				CLANG_ANALYZER_NUMBER_OBJECT_CONVERSION = YES_AGGRESSIVE;
				CLANG_CXX_LANGUAGE_STANDARD = "gnu++20";
				CLANG_ENABLE_MODULES = YES;
				CLANG_ENABLE_OBJC_ARC = YES;
				CLANG_ENABLE_OBJC_WEAK = YES;
				CLANG_WARN_BLOCK_CAPTURE_AUTORELEASING = YES;
				CLANG_WARN_BOOL_CONVERSION = YES;
				CLANG_WARN_COMMA = YES;
				CLANG_WARN_CONSTANT_CONVERSION = YES;
				CLANG_WARN_DEPRECATED_OBJC_IMPLEMENTATIONS = YES;
				CLANG_WARN_DIRECT_OBJC_ISA_USAGE = YES_ERROR;
				CLANG_WARN_DOCUMENTATION_COMMENTS = YES;
				CLANG_WARN_EMPTY_BODY = YES;
				CLANG_WARN_ENUM_CONVERSION = YES;
				CLANG_WARN_INFINITE_RECURSION = YES;
				CLANG_WARN_INT_CONVERSION = YES;
				CLANG_WARN_NON_LITERAL_NULL_CONVERSION = YES;
				CLANG_WARN_OBJC_IMPLICIT_RETAIN_SELF = YES;
				CLANG_WARN_OBJC_LITERAL_CONVERSION = YES;
				CLANG_WARN_OBJC_ROOT_CLASS = YES_ERROR;
				CLANG_WARN_QUOTED_INCLUDE_IN_FRAMEWORK_HEADER = YES;
				CLANG_WARN_RANGE_LOOP_ANALYSIS = YES;
				CLANG_WARN_STRICT_PROTOTYPES = YES;
				CLANG_WARN_SUSPICIOUS_MOVE = YES;
				CLANG_WARN_UNGUARDED_AVAILABILITY = YES_AGGRESSIVE;
				CLANG_WARN_UNREACHABLE_CODE = YES;
				CLANG_WARN__DUPLICATE_METHOD_MATCH = YES;
				COPY_PHASE_STRIP = NO;
				DEBUG_INFORMATION_FORMAT = dwarf;
				ENABLE_STRICT_OBJC_MSGSEND = YES;
				ENABLE_TESTABILITY = YES;
				ENABLE_USER_SCRIPT_SANDBOXING = YES;
				GCC_C_LANGUAGE_STANDARD = gnu17;
				GCC_DYNAMIC_NO_PIC = NO;
				GCC_NO_COMMON_BLOCKS = YES;
				GCC_OPTIMIZATION_LEVEL = 0;
				GCC_PREPROCESSOR_DEFINITIONS = (
					"DEBUG=1",
					"$(inherited)",
				);
				GCC_WARN_64_TO_32_BIT_CONVERSION = YES;
				GCC_WARN_ABOUT_RETURN_TYPE = YES_ERROR;
				GCC_WARN_UNDECLARED_SELECTOR = YES;
				GCC_WARN_UNINITIALIZED_AUTOS = YES_AGGRESSIVE;
				GCC_WARN_UNUSED_FUNCTION = YES;
				GCC_WARN_UNUSED_VARIABLE = YES;
				IPHONEOS_DEPLOYMENT_TARGET = 17.2;
				LOCALIZATION_PREFERS_STRING_CATALOGS = YES;
				MTL_ENABLE_DEBUG_INFO = INCLUDE_SOURCE;
				MTL_FAST_MATH = YES;
				ONLY_ACTIVE_ARCH = YES;
				SDKROOT = iphoneos;
				SWIFT_ACTIVE_COMPILATION_CONDITIONS = "DEBUG $(inherited)";
				SWIFT_OPTIMIZATION_LEVEL = "-Onone";
			};
			name = Debug;
		};
		1183A5CC2B9F3F6C00017D46 /* Release */ = {
			isa = XCBuildConfiguration;
			buildSettings = {
				ALWAYS_SEARCH_USER_PATHS = NO;
				ASSETCATALOG_COMPILER_GENERATE_SWIFT_ASSET_SYMBOL_EXTENSIONS = YES;
				CLANG_ANALYZER_NONNULL = YES;
				CLANG_ANALYZER_NUMBER_OBJECT_CONVERSION = YES_AGGRESSIVE;
				CLANG_CXX_LANGUAGE_STANDARD = "gnu++20";
				CLANG_ENABLE_MODULES = YES;
				CLANG_ENABLE_OBJC_ARC = YES;
				CLANG_ENABLE_OBJC_WEAK = YES;
				CLANG_WARN_BLOCK_CAPTURE_AUTORELEASING = YES;
				CLANG_WARN_BOOL_CONVERSION = YES;
				CLANG_WARN_COMMA = YES;
				CLANG_WARN_CONSTANT_CONVERSION = YES;
				CLANG_WARN_DEPRECATED_OBJC_IMPLEMENTATIONS = YES;
				CLANG_WARN_DIRECT_OBJC_ISA_USAGE = YES_ERROR;
				CLANG_WARN_DOCUMENTATION_COMMENTS = YES;
				CLANG_WARN_EMPTY_BODY = YES;
				CLANG_WARN_ENUM_CONVERSION = YES;
				CLANG_WARN_INFINITE_RECURSION = YES;
				CLANG_WARN_INT_CONVERSION = YES;
				CLANG_WARN_NON_LITERAL_NULL_CONVERSION = YES;
				CLANG_WARN_OBJC_IMPLICIT_RETAIN_SELF = YES;
				CLANG_WARN_OBJC_LITERAL_CONVERSION = YES;
				CLANG_WARN_OBJC_ROOT_CLASS = YES_ERROR;
				CLANG_WARN_QUOTED_INCLUDE_IN_FRAMEWORK_HEADER = YES;
				CLANG_WARN_RANGE_LOOP_ANALYSIS = YES;
				CLANG_WARN_STRICT_PROTOTYPES = YES;
				CLANG_WARN_SUSPICIOUS_MOVE = YES;
				CLANG_WARN_UNGUARDED_AVAILABILITY = YES_AGGRESSIVE;
				CLANG_WARN_UNREACHABLE_CODE = YES;
				CLANG_WARN__DUPLICATE_METHOD_MATCH = YES;
				COPY_PHASE_STRIP = NO;
				DEBUG_INFORMATION_FORMAT = "dwarf-with-dsym";
				ENABLE_NS_ASSERTIONS = NO;
				ENABLE_STRICT_OBJC_MSGSEND = YES;
				ENABLE_USER_SCRIPT_SANDBOXING = YES;
				GCC_C_LANGUAGE_STANDARD = gnu17;
				GCC_NO_COMMON_BLOCKS = YES;
				GCC_WARN_64_TO_32_BIT_CONVERSION = YES;
				GCC_WARN_ABOUT_RETURN_TYPE = YES_ERROR;
				GCC_WARN_UNDECLARED_SELECTOR = YES;
				GCC_WARN_UNINITIALIZED_AUTOS = YES_AGGRESSIVE;
				GCC_WARN_UNUSED_FUNCTION = YES;
				GCC_WARN_UNUSED_VARIABLE = YES;
				IPHONEOS_DEPLOYMENT_TARGET = 17.2;
				LOCALIZATION_PREFERS_STRING_CATALOGS = YES;
				MTL_ENABLE_DEBUG_INFO = NO;
				MTL_FAST_MATH = YES;
				SDKROOT = iphoneos;
				SWIFT_COMPILATION_MODE = wholemodule;
				VALIDATE_PRODUCT = YES;
			};
			name = Release;
		};
		1183A5CE2B9F3F6C00017D46 /* Debug */ = {
			isa = XCBuildConfiguration;
			buildSettings = {
				ASSETCATALOG_COMPILER_APPICON_NAME = AppIcon;
				ASSETCATALOG_COMPILER_GLOBAL_ACCENT_COLOR_NAME = AccentColor;
				CODE_SIGN_STYLE = Automatic;
				CURRENT_PROJECT_VERSION = 1;
				DEVELOPMENT_ASSET_PATHS = "\"Localee/Preview Content\"";
				DEVELOPMENT_TEAM = A9G232DS3W;
				ENABLE_PREVIEWS = YES;
				GENERATE_INFOPLIST_FILE = YES;
				INFOPLIST_KEY_NSLocationWhenInUseUsageDescription = "we want to access your location";
				INFOPLIST_KEY_UIApplicationSceneManifest_Generation = YES;
				INFOPLIST_KEY_UIApplicationSupportsIndirectInputEvents = YES;
				INFOPLIST_KEY_UILaunchScreen_Generation = YES;
				INFOPLIST_KEY_UISupportedInterfaceOrientations_iPad = "UIInterfaceOrientationPortrait UIInterfaceOrientationPortraitUpsideDown UIInterfaceOrientationLandscapeLeft UIInterfaceOrientationLandscapeRight";
				INFOPLIST_KEY_UISupportedInterfaceOrientations_iPhone = "UIInterfaceOrientationPortrait UIInterfaceOrientationLandscapeLeft UIInterfaceOrientationLandscapeRight";
				LD_RUNPATH_SEARCH_PATHS = (
					"$(inherited)",
					"@executable_path/Frameworks",
				);
				MARKETING_VERSION = 1.0;
				PRODUCT_BUNDLE_IDENTIFIER = com.dominikcsiszer.Localee;
				PRODUCT_NAME = "$(TARGET_NAME)";
				SWIFT_EMIT_LOC_STRINGS = YES;
				SWIFT_VERSION = 5.0;
				TARGETED_DEVICE_FAMILY = "1,2";
			};
			name = Debug;
		};
		1183A5CF2B9F3F6C00017D46 /* Release */ = {
			isa = XCBuildConfiguration;
			buildSettings = {
				ASSETCATALOG_COMPILER_APPICON_NAME = AppIcon;
				ASSETCATALOG_COMPILER_GLOBAL_ACCENT_COLOR_NAME = AccentColor;
				CODE_SIGN_STYLE = Automatic;
				CURRENT_PROJECT_VERSION = 1;
				DEVELOPMENT_ASSET_PATHS = "\"Localee/Preview Content\"";
				DEVELOPMENT_TEAM = A9G232DS3W;
				ENABLE_PREVIEWS = YES;
				GENERATE_INFOPLIST_FILE = YES;
				INFOPLIST_KEY_NSLocationWhenInUseUsageDescription = "we want to access your location";
				INFOPLIST_KEY_UIApplicationSceneManifest_Generation = YES;
				INFOPLIST_KEY_UIApplicationSupportsIndirectInputEvents = YES;
				INFOPLIST_KEY_UILaunchScreen_Generation = YES;
				INFOPLIST_KEY_UISupportedInterfaceOrientations_iPad = "UIInterfaceOrientationPortrait UIInterfaceOrientationPortraitUpsideDown UIInterfaceOrientationLandscapeLeft UIInterfaceOrientationLandscapeRight";
				INFOPLIST_KEY_UISupportedInterfaceOrientations_iPhone = "UIInterfaceOrientationPortrait UIInterfaceOrientationLandscapeLeft UIInterfaceOrientationLandscapeRight";
				LD_RUNPATH_SEARCH_PATHS = (
					"$(inherited)",
					"@executable_path/Frameworks",
				);
				MARKETING_VERSION = 1.0;
				PRODUCT_BUNDLE_IDENTIFIER = com.dominikcsiszer.Localee;
				PRODUCT_NAME = "$(TARGET_NAME)";
				SWIFT_EMIT_LOC_STRINGS = YES;
				SWIFT_VERSION = 5.0;
				TARGETED_DEVICE_FAMILY = "1,2";
			};
			name = Release;
		};
/* End XCBuildConfiguration section */

/* Begin XCConfigurationList section */
		1183A5BA2B9F3F6A00017D46 /* Build configuration list for PBXProject "Localee" */ = {
			isa = XCConfigurationList;
			buildConfigurations = (
				1183A5CB2B9F3F6C00017D46 /* Debug */,
				1183A5CC2B9F3F6C00017D46 /* Release */,
			);
			defaultConfigurationIsVisible = 0;
			defaultConfigurationName = Release;
		};
		1183A5CD2B9F3F6C00017D46 /* Build configuration list for PBXNativeTarget "Localee" */ = {
			isa = XCConfigurationList;
			buildConfigurations = (
				1183A5CE2B9F3F6C00017D46 /* Debug */,
				1183A5CF2B9F3F6C00017D46 /* Release */,
			);
			defaultConfigurationIsVisible = 0;
			defaultConfigurationName = Release;
		};
/* End XCConfigurationList section */

/* Begin XCRemoteSwiftPackageReference section */
		1183A5F92BA0497700017D46 /* XCRemoteSwiftPackageReference "Kingfisher" */ = {
			isa = XCRemoteSwiftPackageReference;
			repositoryURL = "https://github.com/onevcat/Kingfisher.git";
			requirement = {
				kind = upToNextMajorVersion;
				minimumVersion = 7.11.0;
			};
		};
/* End XCRemoteSwiftPackageReference section */

/* Begin XCSwiftPackageProductDependency section */
		1183A5FA2BA0497700017D46 /* Kingfisher */ = {
			isa = XCSwiftPackageProductDependency;
			package = 1183A5F92BA0497700017D46 /* XCRemoteSwiftPackageReference "Kingfisher" */;
			productName = Kingfisher;
		};
/* End XCSwiftPackageProductDependency section */
	};
	rootObject = 1183A5B72B9F3F6A00017D46 /* Project object */;
}
